
Microsoft Visual Studio Solution File, Format Version 12.00
# Visual Studio Version 16
VisualStudioVersion = 16.0.30128.74
MinimumVisualStudioVersion = 10.0.40219.1
Project("{FAE04EC0-301F-11D3-BF4B-00C04F79EFBC}") = "Ticktr", "Ticktr.csproj", "{B3296123-74B4-479A-85F2-2B49B34DE0F5}"
EndProject
Global
	GlobalSection(SolutionConfigurationPlatforms) = preSolution
		Debug|Any CPU = Debug|Any CPU
		Release|Any CPU = Release|Any CPU
	EndGlobalSection
	GlobalSection(ProjectConfigurationPlatforms) = postSolution
		{B3296123-74B4-479A-85F2-2B49B34DE0F5}.Debug|Any CPU.ActiveCfg = Debug|Any CPU
		{B3296123-74B4-479A-85F2-2B49B34DE0F5}.Debug|Any CPU.Build.0 = Debug|Any CPU
		{B3296123-74B4-479A-85F2-2B49B34DE0F5}.Release|Any CPU.ActiveCfg = Release|Any CPU
		{B3296123-74B4-479A-85F2-2B49B34DE0F5}.Release|Any CPU.Build.0 = Release|Any CPU
	EndGlobalSection
	GlobalSection(SolutionProperties) = preSolution
		HideSolutionNode = FALSE
	EndGlobalSection
	GlobalSection(ExtensibilityGlobals) = postSolution
		SolutionGuid = {A2E81504-D4A8-4762-A060-F3C1CD2062BA}
	EndGlobalSection
EndGlobal
